// !$*UTF8*$!
{
	archiveVersion = 1;
	classes = {
	};
	objectVersion = 52;
	objects = {

/* Begin PBXBuildFile section */
		115A9D2828875E54A3D38423 /* Pods_flixsterTests.framework in Frameworks */ = {isa = PBXBuildFile; fileRef = B772CB1D338C5306CB8CA82D /* Pods_flixsterTests.framework */; };
		7BA83FFC2697B6510014D5A0 /* AppDelegate.swift in Sources */ = {isa = PBXBuildFile; fileRef = 7BA83FFB2697B6510014D5A0 /* AppDelegate.swift */; };
		7BA83FFE2697B6510014D5A0 /* SceneDelegate.swift in Sources */ = {isa = PBXBuildFile; fileRef = 7BA83FFD2697B6510014D5A0 /* SceneDelegate.swift */; };
		7BA840032697B6510014D5A0 /* Main.storyboard in Resources */ = {isa = PBXBuildFile; fileRef = 7BA840012697B6510014D5A0 /* Main.storyboard */; };
		7BA840052697B6560014D5A0 /* Assets.xcassets in Resources */ = {isa = PBXBuildFile; fileRef = 7BA840042697B6560014D5A0 /* Assets.xcassets */; };
		7BA840082697B6560014D5A0 /* LaunchScreen.storyboard in Resources */ = {isa = PBXBuildFile; fileRef = 7BA840062697B6560014D5A0 /* LaunchScreen.storyboard */; };
		7BA840132697B6560014D5A0 /* flixsterTests.swift in Sources */ = {isa = PBXBuildFile; fileRef = 7BA840122697B6560014D5A0 /* flixsterTests.swift */; };
		7BA8401E2697B6560014D5A0 /* flixsterUITests.swift in Sources */ = {isa = PBXBuildFile; fileRef = 7BA8401D2697B6560014D5A0 /* flixsterUITests.swift */; };
		7BA8402C2697B8310014D5A0 /* MoviesViewController.swift in Sources */ = {isa = PBXBuildFile; fileRef = 7BA8402B2697B8310014D5A0 /* MoviesViewController.swift */; };
		7BA8402E2697C70B0014D5A0 /* MovieCell.swift in Sources */ = {isa = PBXBuildFile; fileRef = 7BA8402D2697C70B0014D5A0 /* MovieCell.swift */; };
		7BA840312697CCA00014D5A0 /* AlamofireImage in Frameworks */ = {isa = PBXBuildFile; productRef = 7BA840302697CCA00014D5A0 /* AlamofireImage */; };
		CF2D1D112327BFCC7C831E9B /* Pods_flixster.framework in Frameworks */ = {isa = PBXBuildFile; fileRef = 0A8FAFD6560385D3F9C96591 /* Pods_flixster.framework */; };
		E48C13FDBD7629ED079D96F6 /* Pods_flixster_flixsterUITests.framework in Frameworks */ = {isa = PBXBuildFile; fileRef = 2168A87DAEBD46D115F637FE /* Pods_flixster_flixsterUITests.framework */; };
/* End PBXBuildFile section */

/* Begin PBXContainerItemProxy section */
		7BA8400F2697B6560014D5A0 /* PBXContainerItemProxy */ = {
			isa = PBXContainerItemProxy;
			containerPortal = 7BA83FF02697B6500014D5A0 /* Project object */;
			proxyType = 1;
			remoteGlobalIDString = 7BA83FF72697B6510014D5A0;
			remoteInfo = flixster;
		};
		7BA8401A2697B6560014D5A0 /* PBXContainerItemProxy */ = {
			isa = PBXContainerItemProxy;
			containerPortal = 7BA83FF02697B6500014D5A0 /* Project object */;
			proxyType = 1;
			remoteGlobalIDString = 7BA83FF72697B6510014D5A0;
			remoteInfo = flixster;
		};
/* End PBXContainerItemProxy section */

/* Begin PBXFileReference section */
		0A8FAFD6560385D3F9C96591 /* Pods_flixster.framework */ = {isa = PBXFileReference; explicitFileType = wrapper.framework; includeInIndex = 0; path = Pods_flixster.framework; sourceTree = BUILT_PRODUCTS_DIR; };
		2168A87DAEBD46D115F637FE /* Pods_flixster_flixsterUITests.framework */ = {isa = PBXFileReference; explicitFileType = wrapper.framework; includeInIndex = 0; path = Pods_flixster_flixsterUITests.framework; sourceTree = BUILT_PRODUCTS_DIR; };
		226C7D0511E7295FE1F8FC26 /* Pods-flixsterTests.release.xcconfig */ = {isa = PBXFileReference; includeInIndex = 1; lastKnownFileType = text.xcconfig; name = "Pods-flixsterTests.release.xcconfig"; path = "Target Support Files/Pods-flixsterTests/Pods-flixsterTests.release.xcconfig"; sourceTree = "<group>"; };
		37CA7BAD4909E2DB56B82F90 /* Pods-flixster-flixsterUITests.release.xcconfig */ = {isa = PBXFileReference; includeInIndex = 1; lastKnownFileType = text.xcconfig; name = "Pods-flixster-flixsterUITests.release.xcconfig"; path = "Target Support Files/Pods-flixster-flixsterUITests/Pods-flixster-flixsterUITests.release.xcconfig"; sourceTree = "<group>"; };
		42307BFF4C2C6381363B091A /* Pods-flixster.debug.xcconfig */ = {isa = PBXFileReference; includeInIndex = 1; lastKnownFileType = text.xcconfig; name = "Pods-flixster.debug.xcconfig"; path = "Target Support Files/Pods-flixster/Pods-flixster.debug.xcconfig"; sourceTree = "<group>"; };
		7BA83FF82697B6510014D5A0 /* flixster.app */ = {isa = PBXFileReference; explicitFileType = wrapper.application; includeInIndex = 0; path = flixster.app; sourceTree = BUILT_PRODUCTS_DIR; };
		7BA83FFB2697B6510014D5A0 /* AppDelegate.swift */ = {isa = PBXFileReference; lastKnownFileType = sourcecode.swift; path = AppDelegate.swift; sourceTree = "<group>"; };
		7BA83FFD2697B6510014D5A0 /* SceneDelegate.swift */ = {isa = PBXFileReference; lastKnownFileType = sourcecode.swift; path = SceneDelegate.swift; sourceTree = "<group>"; };
		7BA840022697B6510014D5A0 /* Base */ = {isa = PBXFileReference; lastKnownFileType = file.storyboard; name = Base; path = Base.lproj/Main.storyboard; sourceTree = "<group>"; };
		7BA840042697B6560014D5A0 /* Assets.xcassets */ = {isa = PBXFileReference; lastKnownFileType = folder.assetcatalog; path = Assets.xcassets; sourceTree = "<group>"; };
		7BA840072697B6560014D5A0 /* Base */ = {isa = PBXFileReference; lastKnownFileType = file.storyboard; name = Base; path = Base.lproj/LaunchScreen.storyboard; sourceTree = "<group>"; };
		7BA840092697B6560014D5A0 /* Info.plist */ = {isa = PBXFileReference; lastKnownFileType = text.plist.xml; path = Info.plist; sourceTree = "<group>"; };
		7BA8400E2697B6560014D5A0 /* flixsterTests.xctest */ = {isa = PBXFileReference; explicitFileType = wrapper.cfbundle; includeInIndex = 0; path = flixsterTests.xctest; sourceTree = BUILT_PRODUCTS_DIR; };
		7BA840122697B6560014D5A0 /* flixsterTests.swift */ = {isa = PBXFileReference; lastKnownFileType = sourcecode.swift; path = flixsterTests.swift; sourceTree = "<group>"; };
		7BA840142697B6560014D5A0 /* Info.plist */ = {isa = PBXFileReference; lastKnownFileType = text.plist.xml; path = Info.plist; sourceTree = "<group>"; };
		7BA840192697B6560014D5A0 /* flixsterUITests.xctest */ = {isa = PBXFileReference; explicitFileType = wrapper.cfbundle; includeInIndex = 0; path = flixsterUITests.xctest; sourceTree = BUILT_PRODUCTS_DIR; };
		7BA8401D2697B6560014D5A0 /* flixsterUITests.swift */ = {isa = PBXFileReference; lastKnownFileType = sourcecode.swift; path = flixsterUITests.swift; sourceTree = "<group>"; };
		7BA8401F2697B6560014D5A0 /* Info.plist */ = {isa = PBXFileReference; lastKnownFileType = text.plist.xml; path = Info.plist; sourceTree = "<group>"; };
		7BA8402B2697B8310014D5A0 /* MoviesViewController.swift */ = {isa = PBXFileReference; lastKnownFileType = sourcecode.swift; path = MoviesViewController.swift; sourceTree = "<group>"; };
		7BA8402D2697C70B0014D5A0 /* MovieCell.swift */ = {isa = PBXFileReference; lastKnownFileType = sourcecode.swift; path = MovieCell.swift; sourceTree = "<group>"; };
		AA9D6A07984CE645D5DBA4C9 /* Pods-flixster-flixsterUITests.debug.xcconfig */ = {isa = PBXFileReference; includeInIndex = 1; lastKnownFileType = text.xcconfig; name = "Pods-flixster-flixsterUITests.debug.xcconfig"; path = "Target Support Files/Pods-flixster-flixsterUITests/Pods-flixster-flixsterUITests.debug.xcconfig"; sourceTree = "<group>"; };
		B772CB1D338C5306CB8CA82D /* Pods_flixsterTests.framework */ = {isa = PBXFileReference; explicitFileType = wrapper.framework; includeInIndex = 0; path = Pods_flixsterTests.framework; sourceTree = BUILT_PRODUCTS_DIR; };
		EA66A69D770FDD82DE10EA97 /* Pods-flixster.release.xcconfig */ = {isa = PBXFileReference; includeInIndex = 1; lastKnownFileType = text.xcconfig; name = "Pods-flixster.release.xcconfig"; path = "Target Support Files/Pods-flixster/Pods-flixster.release.xcconfig"; sourceTree = "<group>"; };
		F48A68B84ABF31887BB614C9 /* Pods-flixsterTests.debug.xcconfig */ = {isa = PBXFileReference; includeInIndex = 1; lastKnownFileType = text.xcconfig; name = "Pods-flixsterTests.debug.xcconfig"; path = "Target Support Files/Pods-flixsterTests/Pods-flixsterTests.debug.xcconfig"; sourceTree = "<group>"; };
/* End PBXFileReference section */

/* Begin PBXFrameworksBuildPhase section */
		7BA83FF52697B6510014D5A0 /* Frameworks */ = {
			isa = PBXFrameworksBuildPhase;
			buildActionMask = 2147483647;
			files = (
				7BA840312697CCA00014D5A0 /* AlamofireImage in Frameworks */,
				CF2D1D112327BFCC7C831E9B /* Pods_flixster.framework in Frameworks */,
			);
			runOnlyForDeploymentPostprocessing = 0;
		};
		7BA8400B2697B6560014D5A0 /* Frameworks */ = {
			isa = PBXFrameworksBuildPhase;
			buildActionMask = 2147483647;
			files = (
				115A9D2828875E54A3D38423 /* Pods_flixsterTests.framework in Frameworks */,
			);
			runOnlyForDeploymentPostprocessing = 0;
		};
		7BA840162697B6560014D5A0 /* Frameworks */ = {
			isa = PBXFrameworksBuildPhase;
			buildActionMask = 2147483647;
			files = (
				E48C13FDBD7629ED079D96F6 /* Pods_flixster_flixsterUITests.framework in Frameworks */,
			);
			runOnlyForDeploymentPostprocessing = 0;
		};
/* End PBXFrameworksBuildPhase section */

/* Begin PBXGroup section */
		54A149AEA8CB4281BA8F5839 /* Pods */ = {
			isa = PBXGroup;
			children = (
				42307BFF4C2C6381363B091A /* Pods-flixster.debug.xcconfig */,
				EA66A69D770FDD82DE10EA97 /* Pods-flixster.release.xcconfig */,
				AA9D6A07984CE645D5DBA4C9 /* Pods-flixster-flixsterUITests.debug.xcconfig */,
				37CA7BAD4909E2DB56B82F90 /* Pods-flixster-flixsterUITests.release.xcconfig */,
				F48A68B84ABF31887BB614C9 /* Pods-flixsterTests.debug.xcconfig */,
				226C7D0511E7295FE1F8FC26 /* Pods-flixsterTests.release.xcconfig */,
			);
			name = Pods;
			path = Pods;
			sourceTree = "<group>";
		};
		7BA83FEF2697B6500014D5A0 = {
			isa = PBXGroup;
			children = (
				7BA83FFA2697B6510014D5A0 /* flixster */,
				7BA840112697B6560014D5A0 /* flixsterTests */,
				7BA8401C2697B6560014D5A0 /* flixsterUITests */,
				7BA83FF92697B6510014D5A0 /* Products */,
				54A149AEA8CB4281BA8F5839 /* Pods */,
				A0FC3EC821B6CF2508D7EDA8 /* Frameworks */,
			);
			sourceTree = "<group>";
		};
		7BA83FF92697B6510014D5A0 /* Products */ = {
			isa = PBXGroup;
			children = (
				7BA83FF82697B6510014D5A0 /* flixster.app */,
				7BA8400E2697B6560014D5A0 /* flixsterTests.xctest */,
				7BA840192697B6560014D5A0 /* flixsterUITests.xctest */,
			);
			name = Products;
			sourceTree = "<group>";
		};
		7BA83FFA2697B6510014D5A0 /* flixster */ = {
			isa = PBXGroup;
			children = (
				7BA83FFB2697B6510014D5A0 /* AppDelegate.swift */,
				7BA83FFD2697B6510014D5A0 /* SceneDelegate.swift */,
				7BA840012697B6510014D5A0 /* Main.storyboard */,
				7BA840042697B6560014D5A0 /* Assets.xcassets */,
				7BA840062697B6560014D5A0 /* LaunchScreen.storyboard */,
				7BA840092697B6560014D5A0 /* Info.plist */,
				7BA8402B2697B8310014D5A0 /* MoviesViewController.swift */,
				7BA8402D2697C70B0014D5A0 /* MovieCell.swift */,
			);
			path = flixster;
			sourceTree = "<group>";
		};
		7BA840112697B6560014D5A0 /* flixsterTests */ = {
			isa = PBXGroup;
			children = (
				7BA840122697B6560014D5A0 /* flixsterTests.swift */,
				7BA840142697B6560014D5A0 /* Info.plist */,
			);
			path = flixsterTests;
			sourceTree = "<group>";
		};
		7BA8401C2697B6560014D5A0 /* flixsterUITests */ = {
			isa = PBXGroup;
			children = (
				7BA8401D2697B6560014D5A0 /* flixsterUITests.swift */,
				7BA8401F2697B6560014D5A0 /* Info.plist */,
			);
			path = flixsterUITests;
			sourceTree = "<group>";
		};
		A0FC3EC821B6CF2508D7EDA8 /* Frameworks */ = {
			isa = PBXGroup;
			children = (
				0A8FAFD6560385D3F9C96591 /* Pods_flixster.framework */,
				2168A87DAEBD46D115F637FE /* Pods_flixster_flixsterUITests.framework */,
				B772CB1D338C5306CB8CA82D /* Pods_flixsterTests.framework */,
			);
			name = Frameworks;
			sourceTree = "<group>";
		};
/* End PBXGroup section */

/* Begin PBXNativeTarget section */
		7BA83FF72697B6510014D5A0 /* flixster */ = {
			isa = PBXNativeTarget;
			buildConfigurationList = 7BA840222697B6560014D5A0 /* Build configuration list for PBXNativeTarget "flixster" */;
			buildPhases = (
				4799EA78244F001235B3836A /* [CP] Check Pods Manifest.lock */,
				7BA83FF42697B6510014D5A0 /* Sources */,
				7BA83FF52697B6510014D5A0 /* Frameworks */,
				7BA83FF62697B6510014D5A0 /* Resources */,
				FB170D3273F242C93CB66C00 /* [CP] Embed Pods Frameworks */,
			);
			buildRules = (
			);
			dependencies = (
			);
			name = flixster;
			packageProductDependencies = (
				7BA840302697CCA00014D5A0 /* AlamofireImage */,
			);
			productName = flixster;
			productReference = 7BA83FF82697B6510014D5A0 /* flixster.app */;
			productType = "com.apple.product-type.application";
		};
		7BA8400D2697B6560014D5A0 /* flixsterTests */ = {
			isa = PBXNativeTarget;
			buildConfigurationList = 7BA840252697B6560014D5A0 /* Build configuration list for PBXNativeTarget "flixsterTests" */;
			buildPhases = (
				6843B068263746FE6AB36C1D /* [CP] Check Pods Manifest.lock */,
				7BA8400A2697B6560014D5A0 /* Sources */,
				7BA8400B2697B6560014D5A0 /* Frameworks */,
				7BA8400C2697B6560014D5A0 /* Resources */,
			);
			buildRules = (
			);
			dependencies = (
				7BA840102697B6560014D5A0 /* PBXTargetDependency */,
			);
			name = flixsterTests;
			productName = flixsterTests;
			productReference = 7BA8400E2697B6560014D5A0 /* flixsterTests.xctest */;
			productType = "com.apple.product-type.bundle.unit-test";
		};
		7BA840182697B6560014D5A0 /* flixsterUITests */ = {
			isa = PBXNativeTarget;
			buildConfigurationList = 7BA840282697B6560014D5A0 /* Build configuration list for PBXNativeTarget "flixsterUITests" */;
			buildPhases = (
				70047638D8CE46B19A12E2CE /* [CP] Check Pods Manifest.lock */,
				7BA840152697B6560014D5A0 /* Sources */,
				7BA840162697B6560014D5A0 /* Frameworks */,
				7BA840172697B6560014D5A0 /* Resources */,
				61A1AA744901A412B5139028 /* [CP] Embed Pods Frameworks */,
			);
			buildRules = (
			);
			dependencies = (
				7BA8401B2697B6560014D5A0 /* PBXTargetDependency */,
			);
			name = flixsterUITests;
			productName = flixsterUITests;
			productReference = 7BA840192697B6560014D5A0 /* flixsterUITests.xctest */;
			productType = "com.apple.product-type.bundle.ui-testing";
		};
/* End PBXNativeTarget section */

/* Begin PBXProject section */
		7BA83FF02697B6500014D5A0 /* Project object */ = {
			isa = PBXProject;
			attributes = {
				LastSwiftUpdateCheck = 1250;
				LastUpgradeCheck = 1250;
				TargetAttributes = {
					7BA83FF72697B6510014D5A0 = {
						CreatedOnToolsVersion = 12.5.1;
					};
					7BA8400D2697B6560014D5A0 = {
						CreatedOnToolsVersion = 12.5.1;
						TestTargetID = 7BA83FF72697B6510014D5A0;
					};
					7BA840182697B6560014D5A0 = {
						CreatedOnToolsVersion = 12.5.1;
						TestTargetID = 7BA83FF72697B6510014D5A0;
					};
				};
			};
			buildConfigurationList = 7BA83FF32697B6500014D5A0 /* Build configuration list for PBXProject "flixster" */;
			compatibilityVersion = "Xcode 9.3";
			developmentRegion = en;
			hasScannedForEncodings = 0;
			knownRegions = (
				en,
				Base,
			);
			mainGroup = 7BA83FEF2697B6500014D5A0;
			packageReferences = (
				7BA8402F2697CCA00014D5A0 /* XCRemoteSwiftPackageReference "AlamofireImage" */,
			);
			productRefGroup = 7BA83FF92697B6510014D5A0 /* Products */;
			projectDirPath = "";
			projectRoot = "";
			targets = (
				7BA83FF72697B6510014D5A0 /* flixster */,
				7BA8400D2697B6560014D5A0 /* flixsterTests */,
				7BA840182697B6560014D5A0 /* flixsterUITests */,
			);
		};
/* End PBXProject section */

/* Begin PBXResourcesBuildPhase section */
		7BA83FF62697B6510014D5A0 /* Resources */ = {
			isa = PBXResourcesBuildPhase;
			buildActionMask = 2147483647;
			files = (
				7BA840082697B6560014D5A0 /* LaunchScreen.storyboard in Resources */,
				7BA840052697B6560014D5A0 /* Assets.xcassets in Resources */,
				7BA840032697B6510014D5A0 /* Main.storyboard in Resources */,
			);
			runOnlyForDeploymentPostprocessing = 0;
		};
		7BA8400C2697B6560014D5A0 /* Resources */ = {
			isa = PBXResourcesBuildPhase;
			buildActionMask = 2147483647;
			files = (
			);
			runOnlyForDeploymentPostprocessing = 0;
		};
		7BA840172697B6560014D5A0 /* Resources */ = {
			isa = PBXResourcesBuildPhase;
			buildActionMask = 2147483647;
			files = (
			);
			runOnlyForDeploymentPostprocessing = 0;
		};
/* End PBXResourcesBuildPhase section */

/* Begin PBXShellScriptBuildPhase section */
		4799EA78244F001235B3836A /* [CP] Check Pods Manifest.lock */ = {
			isa = PBXShellScriptBuildPhase;
			buildActionMask = 2147483647;
			files = (
			);
			inputFileListPaths = (
			);
			inputPaths = (
				"${PODS_PODFILE_DIR_PATH}/Podfile.lock",
				"${PODS_ROOT}/Manifest.lock",
			);
			name = "[CP] Check Pods Manifest.lock";
			outputFileListPaths = (
			);
			outputPaths = (
				"$(DERIVED_FILE_DIR)/Pods-flixster-checkManifestLockResult.txt",
			);
			runOnlyForDeploymentPostprocessing = 0;
			shellPath = /bin/sh;
			shellScript = "diff \"${PODS_PODFILE_DIR_PATH}/Podfile.lock\" \"${PODS_ROOT}/Manifest.lock\" > /dev/null\nif [ $? != 0 ] ; then\n    # print error to STDERR\n    echo \"error: The sandbox is not in sync with the Podfile.lock. Run 'pod install' or update your CocoaPods installation.\" >&2\n    exit 1\nfi\n# This output is used by Xcode 'outputs' to avoid re-running this script phase.\necho \"SUCCESS\" > \"${SCRIPT_OUTPUT_FILE_0}\"\n";
			showEnvVarsInLog = 0;
		};
		61A1AA744901A412B5139028 /* [CP] Embed Pods Frameworks */ = {
			isa = PBXShellScriptBuildPhase;
			buildActionMask = 2147483647;
			files = (
			);
			inputFileListPaths = (
				"${PODS_ROOT}/Target Support Files/Pods-flixster-flixsterUITests/Pods-flixster-flixsterUITests-frameworks-${CONFIGURATION}-input-files.xcfilelist",
			);
			name = "[CP] Embed Pods Frameworks";
			outputFileListPaths = (
				"${PODS_ROOT}/Target Support Files/Pods-flixster-flixsterUITests/Pods-flixster-flixsterUITests-frameworks-${CONFIGURATION}-output-files.xcfilelist",
			);
			runOnlyForDeploymentPostprocessing = 0;
			shellPath = /bin/sh;
			shellScript = "\"${PODS_ROOT}/Target Support Files/Pods-flixster-flixsterUITests/Pods-flixster-flixsterUITests-frameworks.sh\"\n";
			showEnvVarsInLog = 0;
		};
		6843B068263746FE6AB36C1D /* [CP] Check Pods Manifest.lock */ = {
			isa = PBXShellScriptBuildPhase;
			buildActionMask = 2147483647;
			files = (
			);
			inputFileListPaths = (
			);
			inputPaths = (
				"${PODS_PODFILE_DIR_PATH}/Podfile.lock",
				"${PODS_ROOT}/Manifest.lock",
			);
			name = "[CP] Check Pods Manifest.lock";
			outputFileListPaths = (
			);
			outputPaths = (
				"$(DERIVED_FILE_DIR)/Pods-flixsterTests-checkManifestLockResult.txt",
			);
			runOnlyForDeploymentPostprocessing = 0;
			shellPath = /bin/sh;
			shellScript = "diff \"${PODS_PODFILE_DIR_PATH}/Podfile.lock\" \"${PODS_ROOT}/Manifest.lock\" > /dev/null\nif [ $? != 0 ] ; then\n    # print error to STDERR\n    echo \"error: The sandbox is not in sync with the Podfile.lock. Run 'pod install' or update your CocoaPods installation.\" >&2\n    exit 1\nfi\n# This output is used by Xcode 'outputs' to avoid re-running this script phase.\necho \"SUCCESS\" > \"${SCRIPT_OUTPUT_FILE_0}\"\n";
			showEnvVarsInLog = 0;
		};
		70047638D8CE46B19A12E2CE /* [CP] Check Pods Manifest.lock */ = {
			isa = PBXShellScriptBuildPhase;
			buildActionMask = 2147483647;
			files = (
			);
			inputFileListPaths = (
			);
			inputPaths = (
				"${PODS_PODFILE_DIR_PATH}/Podfile.lock",
				"${PODS_ROOT}/Manifest.lock",
			);
			name = "[CP] Check Pods Manifest.lock";
			outputFileListPaths = (
			);
			outputPaths = (
				"$(DERIVED_FILE_DIR)/Pods-flixster-flixsterUITests-checkManifestLockResult.txt",
			);
			runOnlyForDeploymentPostprocessing = 0;
			shellPath = /bin/sh;
			shellScript = "diff \"${PODS_PODFILE_DIR_PATH}/Podfile.lock\" \"${PODS_ROOT}/Manifest.lock\" > /dev/null\nif [ $? != 0 ] ; then\n    # print error to STDERR\n    echo \"error: The sandbox is not in sync with the Podfile.lock. Run 'pod install' or update your CocoaPods installation.\" >&2\n    exit 1\nfi\n# This output is used by Xcode 'outputs' to avoid re-running this script phase.\necho \"SUCCESS\" > \"${SCRIPT_OUTPUT_FILE_0}\"\n";
			showEnvVarsInLog = 0;
		};
		FB170D3273F242C93CB66C00 /* [CP] Embed Pods Frameworks */ = {
			isa = PBXShellScriptBuildPhase;
			buildActionMask = 2147483647;
			files = (
			);
			inputFileListPaths = (
				"${PODS_ROOT}/Target Support Files/Pods-flixster/Pods-flixster-frameworks-${CONFIGURATION}-input-files.xcfilelist",
			);
			name = "[CP] Embed Pods Frameworks";
			outputFileListPaths = (
				"${PODS_ROOT}/Target Support Files/Pods-flixster/Pods-flixster-frameworks-${CONFIGURATION}-output-files.xcfilelist",
			);
			runOnlyForDeploymentPostprocessing = 0;
			shellPath = /bin/sh;
			shellScript = "\"${PODS_ROOT}/Target Support Files/Pods-flixster/Pods-flixster-frameworks.sh\"\n";
			showEnvVarsInLog = 0;
		};
/* End PBXShellScriptBuildPhase section */

/* Begin PBXSourcesBuildPhase section */
		7BA83FF42697B6510014D5A0 /* Sources */ = {
			isa = PBXSourcesBuildPhase;
			buildActionMask = 2147483647;
			files = (
				7BA83FFC2697B6510014D5A0 /* AppDelegate.swift in Sources */,
				7BA83FFE2697B6510014D5A0 /* SceneDelegate.swift in Sources */,
				7BA8402E2697C70B0014D5A0 /* MovieCell.swift in Sources */,
				7BA8402C2697B8310014D5A0 /* MoviesViewController.swift in Sources */,
			);
			runOnlyForDeploymentPostprocessing = 0;
		};
		7BA8400A2697B6560014D5A0 /* Sources */ = {
			isa = PBXSourcesBuildPhase;
			buildActionMask = 2147483647;
			files = (
				7BA840132697B6560014D5A0 /* flixsterTests.swift in Sources */,
			);
			runOnlyForDeploymentPostprocessing = 0;
		};
		7BA840152697B6560014D5A0 /* Sources */ = {
			isa = PBXSourcesBuildPhase;
			buildActionMask = 2147483647;
			files = (
				7BA8401E2697B6560014D5A0 /* flixsterUITests.swift in Sources */,
			);
			runOnlyForDeploymentPostprocessing = 0;
		};
/* End PBXSourcesBuildPhase section */

/* Begin PBXTargetDependency section */
		7BA840102697B6560014D5A0 /* PBXTargetDependency */ = {
			isa = PBXTargetDependency;
			target = 7BA83FF72697B6510014D5A0 /* flixster */;
			targetProxy = 7BA8400F2697B6560014D5A0 /* PBXContainerItemProxy */;
		};
		7BA8401B2697B6560014D5A0 /* PBXTargetDependency */ = {
			isa = PBXTargetDependency;
			target = 7BA83FF72697B6510014D5A0 /* flixster */;
			targetProxy = 7BA8401A2697B6560014D5A0 /* PBXContainerItemProxy */;
		};
/* End PBXTargetDependency section */

/* Begin PBXVariantGroup section */
		7BA840012697B6510014D5A0 /* Main.storyboard */ = {
			isa = PBXVariantGroup;
			children = (
				7BA840022697B6510014D5A0 /* Base */,
			);
			name = Main.storyboard;
			sourceTree = "<group>";
		};
		7BA840062697B6560014D5A0 /* LaunchScreen.storyboard */ = {
			isa = PBXVariantGroup;
			children = (
				7BA840072697B6560014D5A0 /* Base */,
			);
			name = LaunchScreen.storyboard;
			sourceTree = "<group>";
		};
/* End PBXVariantGroup section */

/* Begin XCBuildConfiguration section */
		7BA840202697B6560014D5A0 /* Debug */ = {
			isa = XCBuildConfiguration;
			buildSettings = {
				ALWAYS_SEARCH_USER_PATHS = NO;
				CLANG_ANALYZER_NONNULL = YES;
				CLANG_ANALYZER_NUMBER_OBJECT_CONVERSION = YES_AGGRESSIVE;
				CLANG_CXX_LANGUAGE_STANDARD = "gnu++14";
				CLANG_CXX_LIBRARY = "libc++";
				CLANG_ENABLE_MODULES = YES;
				CLANG_ENABLE_OBJC_ARC = YES;
				CLANG_ENABLE_OBJC_WEAK = YES;
				CLANG_WARN_BLOCK_CAPTURE_AUTORELEASING = YES;
				CLANG_WARN_BOOL_CONVERSION = YES;
				CLANG_WARN_COMMA = YES;
				CLANG_WARN_CONSTANT_CONVERSION = YES;
				CLANG_WARN_DEPRECATED_OBJC_IMPLEMENTATIONS = YES;
				CLANG_WARN_DIRECT_OBJC_ISA_USAGE = YES_ERROR;
				CLANG_WARN_DOCUMENTATION_COMMENTS = YES;
				CLANG_WARN_EMPTY_BODY = YES;
				CLANG_WARN_ENUM_CONVERSION = YES;
				CLANG_WARN_INFINITE_RECURSION = YES;
				CLANG_WARN_INT_CONVERSION = YES;
				CLANG_WARN_NON_LITERAL_NULL_CONVERSION = YES;
				CLANG_WARN_OBJC_IMPLICIT_RETAIN_SELF = YES;
				CLANG_WARN_OBJC_LITERAL_CONVERSION = YES;
				CLANG_WARN_OBJC_ROOT_CLASS = YES_ERROR;
				CLANG_WARN_QUOTED_INCLUDE_IN_FRAMEWORK_HEADER = YES;
				CLANG_WARN_RANGE_LOOP_ANALYSIS = YES;
				CLANG_WARN_STRICT_PROTOTYPES = YES;
				CLANG_WARN_SUSPICIOUS_MOVE = YES;
				CLANG_WARN_UNGUARDED_AVAILABILITY = YES_AGGRESSIVE;
				CLANG_WARN_UNREACHABLE_CODE = YES;
				CLANG_WARN__DUPLICATE_METHOD_MATCH = YES;
				COPY_PHASE_STRIP = NO;
				DEBUG_INFORMATION_FORMAT = dwarf;
				ENABLE_STRICT_OBJC_MSGSEND = YES;
				ENABLE_TESTABILITY = YES;
				GCC_C_LANGUAGE_STANDARD = gnu11;
				GCC_DYNAMIC_NO_PIC = NO;
				GCC_NO_COMMON_BLOCKS = YES;
				GCC_OPTIMIZATION_LEVEL = 0;
				GCC_PREPROCESSOR_DEFINITIONS = (
					"DEBUG=1",
					"$(inherited)",
				);
				GCC_WARN_64_TO_32_BIT_CONVERSION = YES;
				GCC_WARN_ABOUT_RETURN_TYPE = YES_ERROR;
				GCC_WARN_UNDECLARED_SELECTOR = YES;
				GCC_WARN_UNINITIALIZED_AUTOS = YES_AGGRESSIVE;
				GCC_WARN_UNUSED_FUNCTION = YES;
				GCC_WARN_UNUSED_VARIABLE = YES;
				IPHONEOS_DEPLOYMENT_TARGET = 14.5;
				MTL_ENABLE_DEBUG_INFO = INCLUDE_SOURCE;
				MTL_FAST_MATH = YES;
				ONLY_ACTIVE_ARCH = YES;
				SDKROOT = iphoneos;
				SWIFT_ACTIVE_COMPILATION_CONDITIONS = DEBUG;
				SWIFT_OPTIMIZATION_LEVEL = "-Onone";
			};
			name = Debug;
		};
		7BA840212697B6560014D5A0 /* Release */ = {
			isa = XCBuildConfiguration;
			buildSettings = {
				ALWAYS_SEARCH_USER_PATHS = NO;
				CLANG_ANALYZER_NONNULL = YES;
				CLANG_ANALYZER_NUMBER_OBJECT_CONVERSION = YES_AGGRESSIVE;
				CLANG_CXX_LANGUAGE_STANDARD = "gnu++14";
				CLANG_CXX_LIBRARY = "libc++";
				CLANG_ENABLE_MODULES = YES;
				CLANG_ENABLE_OBJC_ARC = YES;
				CLANG_ENABLE_OBJC_WEAK = YES;
				CLANG_WARN_BLOCK_CAPTURE_AUTORELEASING = YES;
				CLANG_WARN_BOOL_CONVERSION = YES;
				CLANG_WARN_COMMA = YES;
				CLANG_WARN_CONSTANT_CONVERSION = YES;
				CLANG_WARN_DEPRECATED_OBJC_IMPLEMENTATIONS = YES;
				CLANG_WARN_DIRECT_OBJC_ISA_USAGE = YES_ERROR;
				CLANG_WARN_DOCUMENTATION_COMMENTS = YES;
				CLANG_WARN_EMPTY_BODY = YES;
				CLANG_WARN_ENUM_CONVERSION = YES;
				CLANG_WARN_INFINITE_RECURSION = YES;
				CLANG_WARN_INT_CONVERSION = YES;
				CLANG_WARN_NON_LITERAL_NULL_CONVERSION = YES;
				CLANG_WARN_OBJC_IMPLICIT_RETAIN_SELF = YES;
				CLANG_WARN_OBJC_LITERAL_CONVERSION = YES;
				CLANG_WARN_OBJC_ROOT_CLASS = YES_ERROR;
				CLANG_WARN_QUOTED_INCLUDE_IN_FRAMEWORK_HEADER = YES;
				CLANG_WARN_RANGE_LOOP_ANALYSIS = YES;
				CLANG_WARN_STRICT_PROTOTYPES = YES;
				CLANG_WARN_SUSPICIOUS_MOVE = YES;
				CLANG_WARN_UNGUARDED_AVAILABILITY = YES_AGGRESSIVE;
				CLANG_WARN_UNREACHABLE_CODE = YES;
				CLANG_WARN__DUPLICATE_METHOD_MATCH = YES;
				COPY_PHASE_STRIP = NO;
				DEBUG_INFORMATION_FORMAT = "dwarf-with-dsym";
				ENABLE_NS_ASSERTIONS = NO;
				ENABLE_STRICT_OBJC_MSGSEND = YES;
				GCC_C_LANGUAGE_STANDARD = gnu11;
				GCC_NO_COMMON_BLOCKS = YES;
				GCC_WARN_64_TO_32_BIT_CONVERSION = YES;
				GCC_WARN_ABOUT_RETURN_TYPE = YES_ERROR;
				GCC_WARN_UNDECLARED_SELECTOR = YES;
				GCC_WARN_UNINITIALIZED_AUTOS = YES_AGGRESSIVE;
				GCC_WARN_UNUSED_FUNCTION = YES;
				GCC_WARN_UNUSED_VARIABLE = YES;
				IPHONEOS_DEPLOYMENT_TARGET = 14.5;
				MTL_ENABLE_DEBUG_INFO = NO;
				MTL_FAST_MATH = YES;
				SDKROOT = iphoneos;
				SWIFT_COMPILATION_MODE = wholemodule;
				SWIFT_OPTIMIZATION_LEVEL = "-O";
				VALIDATE_PRODUCT = YES;
			};
			name = Release;
		};
		7BA840232697B6560014D5A0 /* Debug */ = {
			isa = XCBuildConfiguration;
			baseConfigurationReference = 42307BFF4C2C6381363B091A /* Pods-flixster.debug.xcconfig */;
			buildSettings = {
				ASSETCATALOG_COMPILER_APPICON_NAME = AppIcon;
				ASSETCATALOG_COMPILER_GLOBAL_ACCENT_COLOR_NAME = AccentColor;
				CODE_SIGN_STYLE = Automatic;
				INFOPLIST_FILE = flixster/Info.plist;
				LD_RUNPATH_SEARCH_PATHS = (
					"$(inherited)",
					"@executable_path/Frameworks",
				);
				PRODUCT_BUNDLE_IDENTIFIER = com.taohid.flixster;
				PRODUCT_NAME = "$(TARGET_NAME)";
				SWIFT_VERSION = 5.0;
				TARGETED_DEVICE_FAMILY = "1,2";
			};
			name = Debug;
		};
		7BA840242697B6560014D5A0 /* Release */ = {
			isa = XCBuildConfiguration;
			baseConfigurationReference = EA66A69D770FDD82DE10EA97 /* Pods-flixster.release.xcconfig */;
			buildSettings = {
				ASSETCATALOG_COMPILER_APPICON_NAME = AppIcon;
				ASSETCATALOG_COMPILER_GLOBAL_ACCENT_COLOR_NAME = AccentColor;
				CODE_SIGN_STYLE = Automatic;
				INFOPLIST_FILE = flixster/Info.plist;
				LD_RUNPATH_SEARCH_PATHS = (
					"$(inherited)",
					"@executable_path/Frameworks",
				);
				PRODUCT_BUNDLE_IDENTIFIER = com.taohid.flixster;
				PRODUCT_NAME = "$(TARGET_NAME)";
				SWIFT_VERSION = 5.0;
				TARGETED_DEVICE_FAMILY = "1,2";
			};
			name = Release;
		};
		7BA840262697B6560014D5A0 /* Debug */ = {
			isa = XCBuildConfiguration;
			baseConfigurationReference = F48A68B84ABF31887BB614C9 /* Pods-flixsterTests.debug.xcconfig */;
			buildSettings = {
				ALWAYS_EMBED_SWIFT_STANDARD_LIBRARIES = YES;
				BUNDLE_LOADER = "$(TEST_HOST)";
				CODE_SIGN_STYLE = Automatic;
				INFOPLIST_FILE = flixsterTests/Info.plist;
				IPHONEOS_DEPLOYMENT_TARGET = 14.5;
				LD_RUNPATH_SEARCH_PATHS = (
					"$(inherited)",
					"@executable_path/Frameworks",
					"@loader_path/Frameworks",
				);
				PRODUCT_BUNDLE_IDENTIFIER = com.taohid.flixsterTests;
				PRODUCT_NAME = "$(TARGET_NAME)";
				SWIFT_VERSION = 5.0;
				TARGETED_DEVICE_FAMILY = "1,2";
				TEST_HOST = "$(BUILT_PRODUCTS_DIR)/flixster.app/flixster";
			};
			name = Debug;
		};
		7BA840272697B6560014D5A0 /* Release */ = {
			isa = XCBuildConfiguration;
			baseConfigurationReference = 226C7D0511E7295FE1F8FC26 /* Pods-flixsterTests.release.xcconfig */;
			buildSettings = {
				ALWAYS_EMBED_SWIFT_STANDARD_LIBRARIES = YES;
				BUNDLE_LOADER = "$(TEST_HOST)";
				CODE_SIGN_STYLE = Automatic;
				INFOPLIST_FILE = flixsterTests/Info.plist;
				IPHONEOS_DEPLOYMENT_TARGET = 14.5;
				LD_RUNPATH_SEARCH_PATHS = (
					"$(inherited)",
					"@executable_path/Frameworks",
					"@loader_path/Frameworks",
				);
				PRODUCT_BUNDLE_IDENTIFIER = com.taohid.flixsterTests;
				PRODUCT_NAME = "$(TARGET_NAME)";
				SWIFT_VERSION = 5.0;
				TARGETED_DEVICE_FAMILY = "1,2";
				TEST_HOST = "$(BUILT_PRODUCTS_DIR)/flixster.app/flixster";
			};
			name = Release;
		};
		7BA840292697B6560014D5A0 /* Debug */ = {
			isa = XCBuildConfiguration;
			baseConfigurationReference = AA9D6A07984CE645D5DBA4C9 /* Pods-flixster-flixsterUITests.debug.xcconfig */;
			buildSettings = {
				ALWAYS_EMBED_SWIFT_STANDARD_LIBRARIES = YES;
				CODE_SIGN_STYLE = Automatic;
				INFOPLIST_FILE = flixsterUITests/Info.plist;
				LD_RUNPATH_SEARCH_PATHS = (
					"$(inherited)",
					"@executable_path/Frameworks",
					"@loader_path/Frameworks",
				);
				PRODUCT_BUNDLE_IDENTIFIER = com.taohid.flixsterUITests;
				PRODUCT_NAME = "$(TARGET_NAME)";
				SWIFT_VERSION = 5.0;
				TARGETED_DEVICE_FAMILY = "1,2";
				TEST_TARGET_NAME = flixster;
			};
			name = Debug;
		};
		7BA8402A2697B6560014D5A0 /* Release */ = {
			isa = XCBuildConfiguration;
			baseConfigurationReference = 37CA7BAD4909E2DB56B82F90 /* Pods-flixster-flixsterUITests.release.xcconfig */;
			buildSettings = {
				ALWAYS_EMBED_SWIFT_STANDARD_LIBRARIES = YES;
				CODE_SIGN_STYLE = Automatic;
				INFOPLIST_FILE = flixsterUITests/Info.plist;
				LD_RUNPATH_SEARCH_PATHS = (
					"$(inherited)",
					"@executable_path/Frameworks",
					"@loader_path/Frameworks",
				);
				PRODUCT_BUNDLE_IDENTIFIER = com.taohid.flixsterUITests;
				PRODUCT_NAME = "$(TARGET_NAME)";
				SWIFT_VERSION = 5.0;
				TARGETED_DEVICE_FAMILY = "1,2";
				TEST_TARGET_NAME = flixster;
			};
			name = Release;
		};
/* End XCBuildConfiguration section */

/* Begin XCConfigurationList section */
		7BA83FF32697B6500014D5A0 /* Build configuration list for PBXProject "flixster" */ = {
			isa = XCConfigurationList;
			buildConfigurations = (
				7BA840202697B6560014D5A0 /* Debug */,
				7BA840212697B6560014D5A0 /* Release */,
			);
			defaultConfigurationIsVisible = 0;
			defaultConfigurationName = Release;
		};
		7BA840222697B6560014D5A0 /* Build configuration list for PBXNativeTarget "flixster" */ = {
			isa = XCConfigurationList;
			buildConfigurations = (
				7BA840232697B6560014D5A0 /* Debug */,
				7BA840242697B6560014D5A0 /* Release */,
			);
			defaultConfigurationIsVisible = 0;
			defaultConfigurationName = Release;
		};
		7BA840252697B6560014D5A0 /* Build configuration list for PBXNativeTarget "flixsterTests" */ = {
			isa = XCConfigurationList;
			buildConfigurations = (
				7BA840262697B6560014D5A0 /* Debug */,
				7BA840272697B6560014D5A0 /* Release */,
			);
			defaultConfigurationIsVisible = 0;
			defaultConfigurationName = Release;
		};
		7BA840282697B6560014D5A0 /* Build configuration list for PBXNativeTarget "flixsterUITests" */ = {
			isa = XCConfigurationList;
			buildConfigurations = (
				7BA840292697B6560014D5A0 /* Debug */,
				7BA8402A2697B6560014D5A0 /* Release */,
			);
			defaultConfigurationIsVisible = 0;
			defaultConfigurationName = Release;
		};
/* End XCConfigurationList section */

/* Begin XCRemoteSwiftPackageReference section */
		7BA8402F2697CCA00014D5A0 /* XCRemoteSwiftPackageReference "AlamofireImage" */ = {
			isa = XCRemoteSwiftPackageReference;
			repositoryURL = "https://github.com/Alamofire/AlamofireImage";
			requirement = {
				kind = upToNextMajorVersion;
				minimumVersion = 4.2.0;
			};
		};
/* End XCRemoteSwiftPackageReference section */

/* Begin XCSwiftPackageProductDependency section */
		7BA840302697CCA00014D5A0 /* AlamofireImage */ = {
			isa = XCSwiftPackageProductDependency;
			package = 7BA8402F2697CCA00014D5A0 /* XCRemoteSwiftPackageReference "AlamofireImage" */;
			productName = AlamofireImage;
		};
/* End XCSwiftPackageProductDependency section */
	};
	rootObject = 7BA83FF02697B6500014D5A0 /* Project object */;
}
